
Microsoft Visual Studio Solution File, Format Version 11.00
# Visual Studio 2010
Project("{FAE04EC0-301F-11D3-BF4B-00C04F79EFBC}") = "lockers", "lockers\lockers.csproj", "{999D42D2-AC96-4FF1-ABA4-7C641B1BAEAD}"
EndProject
Project("{FAE04EC0-301F-11D3-BF4B-00C04F79EFBC}") = "lockers.test", "lockers.test\lockers.test.csproj", "{3F426D01-EA5C-409F-AB2B-12C0856360E9}"
EndProject
Global
	GlobalSection(SolutionConfigurationPlatforms) = preSolution
		Debug|Any CPU = Debug|Any CPU
		Release|Any CPU = Release|Any CPU
	EndGlobalSection
	GlobalSection(ProjectConfigurationPlatforms) = postSolution
		{999D42D2-AC96-4FF1-ABA4-7C641B1BAEAD}.Debug|Any CPU.ActiveCfg = Debug|Any CPU
		{999D42D2-AC96-4FF1-ABA4-7C641B1BAEAD}.Debug|Any CPU.Build.0 = Debug|Any CPU
		{999D42D2-AC96-4FF1-ABA4-7C641B1BAEAD}.Release|Any CPU.ActiveCfg = Release|Any CPU
		{999D42D2-AC96-4FF1-ABA4-7C641B1BAEAD}.Release|Any CPU.Build.0 = Release|Any CPU
		{3F426D01-EA5C-409F-AB2B-12C0856360E9}.Debug|Any CPU.ActiveCfg = Debug|Any CPU
		{3F426D01-EA5C-409F-AB2B-12C0856360E9}.Debug|Any CPU.Build.0 = Debug|Any CPU
		{3F426D01-EA5C-409F-AB2B-12C0856360E9}.Release|Any CPU.ActiveCfg = Release|Any CPU
		{3F426D01-EA5C-409F-AB2B-12C0856360E9}.Release|Any CPU.Build.0 = Release|Any CPU
	EndGlobalSection
	GlobalSection(SolutionProperties) = preSolution
		HideSolutionNode = FALSE
	EndGlobalSection
EndGlobal
